
Microsoft Visual Studio Solution File, Format Version 12.00
# Visual Studio 15
VisualStudioVersion = 15.0.34930.48
MinimumVisualStudioVersion = 10.0.40219.1
Project("{8BC9CEB8-8B4A-11D0-8D11-00A0C91BC942}") = "Arrays", "Arrays\Arrays.vcxproj", "{04D1B442-34DB-4BA4-A4F8-B5B20205DEA3}"
EndProject
Project("{8BC9CEB8-8B4A-11D0-8D11-00A0C91BC942}") = "Shift", "Shift\Shift.vcxproj", "{DD89454B-DCCA-49B7-BABA-0270E9445617}"
EndProject
Project("{8BC9CEB8-8B4A-11D0-8D11-00A0C91BC942}") = "2Darrays", "2Darrays\2Darrays.vcxproj", "{4639567D-9241-410E-B62D-C88BEDDADCA9}"
EndProject
Project("{8BC9CEB8-8B4A-11D0-8D11-00A0C91BC942}") = "Numerics", "Numerics\Numerics.vcxproj", "{DCE99F93-AA1C-406B-BA5A-EA41478D0C4E}"
EndProject
Project("{8BC9CEB8-8B4A-11D0-8D11-00A0C91BC942}") = "Unique", "Unique\Unique.vcxproj", "{A0ADA613-F0B8-4FFD-AC0F-4D9998550D9D}"
EndProject
Project("{8BC9CEB8-8B4A-11D0-8D11-00A0C91BC942}") = "Repeats", "Repeats\Repeats.vcxproj", "{4935BC6F-F69D-4BDF-8888-30801293DA1D}"
EndProject
Project("{8BC9CEB8-8B4A-11D0-8D11-00A0C91BC942}") = "Unique2", "Unique2\Unique2.vcxproj", "{8BB80695-F61D-473A-BEE0-30647C082D98}"
EndProject
Project("{8BC9CEB8-8B4A-11D0-8D11-00A0C91BC942}") = "Repeat2", "Repeat2\Repeat2.vcxproj", "{9DE1035B-B6B2-4DFB-9413-F33FA1A9B9D0}"
EndProject
Global
	GlobalSection(SolutionConfigurationPlatforms) = preSolution
		Debug|x64 = Debug|x64
		Debug|x86 = Debug|x86
		Release|x64 = Release|x64
		Release|x86 = Release|x86
	EndGlobalSection
	GlobalSection(ProjectConfigurationPlatforms) = postSolution
		{04D1B442-34DB-4BA4-A4F8-B5B20205DEA3}.Debug|x64.ActiveCfg = Debug|x64
		{04D1B442-34DB-4BA4-A4F8-B5B20205DEA3}.Debug|x64.Build.0 = Debug|x64
		{04D1B442-34DB-4BA4-A4F8-B5B20205DEA3}.Debug|x86.ActiveCfg = Debug|Win32
		{04D1B442-34DB-4BA4-A4F8-B5B20205DEA3}.Debug|x86.Build.0 = Debug|Win32
		{04D1B442-34DB-4BA4-A4F8-B5B20205DEA3}.Release|x64.ActiveCfg = Release|x64
		{04D1B442-34DB-4BA4-A4F8-B5B20205DEA3}.Release|x64.Build.0 = Release|x64
		{04D1B442-34DB-4BA4-A4F8-B5B20205DEA3}.Release|x86.ActiveCfg = Release|Win32
		{04D1B442-34DB-4BA4-A4F8-B5B20205DEA3}.Release|x86.Build.0 = Release|Win32
		{DD89454B-DCCA-49B7-BABA-0270E9445617}.Debug|x64.ActiveCfg = Debug|x64
		{DD89454B-DCCA-49B7-BABA-0270E9445617}.Debug|x64.Build.0 = Debug|x64
		{DD89454B-DCCA-49B7-BABA-0270E9445617}.Debug|x86.ActiveCfg = Debug|Win32
		{DD89454B-DCCA-49B7-BABA-0270E9445617}.Debug|x86.Build.0 = Debug|Win32
		{DD89454B-DCCA-49B7-BABA-0270E9445617}.Release|x64.ActiveCfg = Release|x64
		{DD89454B-DCCA-49B7-BABA-0270E9445617}.Release|x64.Build.0 = Release|x64
		{DD89454B-DCCA-49B7-BABA-0270E9445617}.Release|x86.ActiveCfg = Release|Win32
		{DD89454B-DCCA-49B7-BABA-0270E9445617}.Release|x86.Build.0 = Release|Win32
		{4639567D-9241-410E-B62D-C88BEDDADCA9}.Debug|x64.ActiveCfg = Debug|x64
		{4639567D-9241-410E-B62D-C88BEDDADCA9}.Debug|x64.Build.0 = Debug|x64
		{4639567D-9241-410E-B62D-C88BEDDADCA9}.Debug|x86.ActiveCfg = Debug|Win32
		{4639567D-9241-410E-B62D-C88BEDDADCA9}.Debug|x86.Build.0 = Debug|Win32
		{4639567D-9241-410E-B62D-C88BEDDADCA9}.Release|x64.ActiveCfg = Release|x64
		{4639567D-9241-410E-B62D-C88BEDDADCA9}.Release|x64.Build.0 = Release|x64
		{4639567D-9241-410E-B62D-C88BEDDADCA9}.Release|x86.ActiveCfg = Release|Win32
		{4639567D-9241-410E-B62D-C88BEDDADCA9}.Release|x86.Build.0 = Release|Win32
		{DCE99F93-AA1C-406B-BA5A-EA41478D0C4E}.Debug|x64.ActiveCfg = Debug|x64
		{DCE99F93-AA1C-406B-BA5A-EA41478D0C4E}.Debug|x64.Build.0 = Debug|x64
		{DCE99F93-AA1C-406B-BA5A-EA41478D0C4E}.Debug|x86.ActiveCfg = Debug|Win32
		{DCE99F93-AA1C-406B-BA5A-EA41478D0C4E}.Debug|x86.Build.0 = Debug|Win32
		{DCE99F93-AA1C-406B-BA5A-EA41478D0C4E}.Release|x64.ActiveCfg = Release|x64
		{DCE99F93-AA1C-406B-BA5A-EA41478D0C4E}.Release|x64.Build.0 = Release|x64
		{DCE99F93-AA1C-406B-BA5A-EA41478D0C4E}.Release|x86.ActiveCfg = Release|Win32
		{DCE99F93-AA1C-406B-BA5A-EA41478D0C4E}.Release|x86.Build.0 = Release|Win32
		{A0ADA613-F0B8-4FFD-AC0F-4D9998550D9D}.Debug|x64.ActiveCfg = Debug|x64
		{A0ADA613-F0B8-4FFD-AC0F-4D9998550D9D}.Debug|x64.Build.0 = Debug|x64
		{A0ADA613-F0B8-4FFD-AC0F-4D9998550D9D}.Debug|x86.ActiveCfg = Debug|Win32
		{A0ADA613-F0B8-4FFD-AC0F-4D9998550D9D}.Debug|x86.Build.0 = Debug|Win32
		{A0ADA613-F0B8-4FFD-AC0F-4D9998550D9D}.Release|x64.ActiveCfg = Release|x64
		{A0ADA613-F0B8-4FFD-AC0F-4D9998550D9D}.Release|x64.Build.0 = Release|x64
		{A0ADA613-F0B8-4FFD-AC0F-4D9998550D9D}.Release|x86.ActiveCfg = Release|Win32
		{A0ADA613-F0B8-4FFD-AC0F-4D9998550D9D}.Release|x86.Build.0 = Release|Win32
		{4935BC6F-F69D-4BDF-8888-30801293DA1D}.Debug|x64.ActiveCfg = Debug|x64
		{4935BC6F-F69D-4BDF-8888-30801293DA1D}.Debug|x64.Build.0 = Debug|x64
		{4935BC6F-F69D-4BDF-8888-30801293DA1D}.Debug|x86.ActiveCfg = Debug|Win32
		{4935BC6F-F69D-4BDF-8888-30801293DA1D}.Debug|x86.Build.0 = Debug|Win32
		{4935BC6F-F69D-4BDF-8888-30801293DA1D}.Release|x64.ActiveCfg = Release|x64
		{4935BC6F-F69D-4BDF-8888-30801293DA1D}.Release|x64.Build.0 = Release|x64
		{4935BC6F-F69D-4BDF-8888-30801293DA1D}.Release|x86.ActiveCfg = Release|Win32
		{4935BC6F-F69D-4BDF-8888-30801293DA1D}.Release|x86.Build.0 = Release|Win32
		{8BB80695-F61D-473A-BEE0-30647C082D98}.Debug|x64.ActiveCfg = Debug|x64
		{8BB80695-F61D-473A-BEE0-30647C082D98}.Debug|x64.Build.0 = Debug|x64
		{8BB80695-F61D-473A-BEE0-30647C082D98}.Debug|x86.ActiveCfg = Debug|Win32
		{8BB80695-F61D-473A-BEE0-30647C082D98}.Debug|x86.Build.0 = Debug|Win32
		{8BB80695-F61D-473A-BEE0-30647C082D98}.Release|x64.ActiveCfg = Release|x64
		{8BB80695-F61D-473A-BEE0-30647C082D98}.Release|x64.Build.0 = Release|x64
		{8BB80695-F61D-473A-BEE0-30647C082D98}.Release|x86.ActiveCfg = Release|Win32
		{8BB80695-F61D-473A-BEE0-30647C082D98}.Release|x86.Build.0 = Release|Win32
		{9DE1035B-B6B2-4DFB-9413-F33FA1A9B9D0}.Debug|x64.ActiveCfg = Debug|x64
		{9DE1035B-B6B2-4DFB-9413-F33FA1A9B9D0}.Debug|x64.Build.0 = Debug|x64
		{9DE1035B-B6B2-4DFB-9413-F33FA1A9B9D0}.Debug|x86.ActiveCfg = Debug|Win32
		{9DE1035B-B6B2-4DFB-9413-F33FA1A9B9D0}.Debug|x86.Build.0 = Debug|Win32
		{9DE1035B-B6B2-4DFB-9413-F33FA1A9B9D0}.Release|x64.ActiveCfg = Release|x64
		{9DE1035B-B6B2-4DFB-9413-F33FA1A9B9D0}.Release|x64.Build.0 = Release|x64
		{9DE1035B-B6B2-4DFB-9413-F33FA1A9B9D0}.Release|x86.ActiveCfg = Release|Win32
		{9DE1035B-B6B2-4DFB-9413-F33FA1A9B9D0}.Release|x86.Build.0 = Release|Win32
	EndGlobalSection
	GlobalSection(SolutionProperties) = preSolution
		HideSolutionNode = FALSE
	EndGlobalSection
	GlobalSection(ExtensibilityGlobals) = postSolution
		SolutionGuid = {C7FE11C5-2EFF-4587-BA82-2791C8BADEF5}
	EndGlobalSection
EndGlobal
