
Microsoft Visual Studio Solution File, Format Version 12.00
# Visual Studio 15
VisualStudioVersion = 15.0.34930.48
MinimumVisualStudioVersion = 10.0.40219.1
Project("{8BC9CEB8-8B4A-11D0-8D11-00A0C91BC942}") = "ControlStructures", "ControlStructures\ControlStructures.vcxproj", "{6CB73D6E-9C2F-4151-A4BF-0BA974BD286A}"
EndProject
Project("{8BC9CEB8-8B4A-11D0-8D11-00A0C91BC942}") = "Loops", "Loops\Loops.vcxproj", "{BA57BB61-AFFE-4ED2-B70B-961304136A26}"
EndProject
Project("{8BC9CEB8-8B4A-11D0-8D11-00A0C91BC942}") = "Calc", "Calc\Calc.vcxproj", "{A561D52A-C32C-46CE-89C4-C685703F534F}"
EndProject
Project("{8BC9CEB8-8B4A-11D0-8D11-00A0C91BC942}") = "LoopsHW", "LoopsHW\LoopsHW.vcxproj", "{CE0B493A-B6C9-4BB7-AF29-4A97F5475183}"
EndProject
Project("{8BC9CEB8-8B4A-11D0-8D11-00A0C91BC942}") = "Palindrome", "Palindrome\Palindrome.vcxproj", "{83AB96EC-1EE5-496E-953F-2D3CB1B28F26}"
EndProject
Global
	GlobalSection(SolutionConfigurationPlatforms) = preSolution
		Debug|x64 = Debug|x64
		Debug|x86 = Debug|x86
		Release|x64 = Release|x64
		Release|x86 = Release|x86
	EndGlobalSection
	GlobalSection(ProjectConfigurationPlatforms) = postSolution
		{6CB73D6E-9C2F-4151-A4BF-0BA974BD286A}.Debug|x64.ActiveCfg = Debug|x64
		{6CB73D6E-9C2F-4151-A4BF-0BA974BD286A}.Debug|x64.Build.0 = Debug|x64
		{6CB73D6E-9C2F-4151-A4BF-0BA974BD286A}.Debug|x86.ActiveCfg = Debug|Win32
		{6CB73D6E-9C2F-4151-A4BF-0BA974BD286A}.Debug|x86.Build.0 = Debug|Win32
		{6CB73D6E-9C2F-4151-A4BF-0BA974BD286A}.Release|x64.ActiveCfg = Release|x64
		{6CB73D6E-9C2F-4151-A4BF-0BA974BD286A}.Release|x64.Build.0 = Release|x64
		{6CB73D6E-9C2F-4151-A4BF-0BA974BD286A}.Release|x86.ActiveCfg = Release|Win32
		{6CB73D6E-9C2F-4151-A4BF-0BA974BD286A}.Release|x86.Build.0 = Release|Win32
		{BA57BB61-AFFE-4ED2-B70B-961304136A26}.Debug|x64.ActiveCfg = Debug|x64
		{BA57BB61-AFFE-4ED2-B70B-961304136A26}.Debug|x64.Build.0 = Debug|x64
		{BA57BB61-AFFE-4ED2-B70B-961304136A26}.Debug|x86.ActiveCfg = Debug|Win32
		{BA57BB61-AFFE-4ED2-B70B-961304136A26}.Debug|x86.Build.0 = Debug|Win32
		{BA57BB61-AFFE-4ED2-B70B-961304136A26}.Release|x64.ActiveCfg = Release|x64
		{BA57BB61-AFFE-4ED2-B70B-961304136A26}.Release|x64.Build.0 = Release|x64
		{BA57BB61-AFFE-4ED2-B70B-961304136A26}.Release|x86.ActiveCfg = Release|Win32
		{BA57BB61-AFFE-4ED2-B70B-961304136A26}.Release|x86.Build.0 = Release|Win32
		{A561D52A-C32C-46CE-89C4-C685703F534F}.Debug|x64.ActiveCfg = Debug|x64
		{A561D52A-C32C-46CE-89C4-C685703F534F}.Debug|x64.Build.0 = Debug|x64
		{A561D52A-C32C-46CE-89C4-C685703F534F}.Debug|x86.ActiveCfg = Debug|Win32
		{A561D52A-C32C-46CE-89C4-C685703F534F}.Debug|x86.Build.0 = Debug|Win32
		{A561D52A-C32C-46CE-89C4-C685703F534F}.Release|x64.ActiveCfg = Release|x64
		{A561D52A-C32C-46CE-89C4-C685703F534F}.Release|x64.Build.0 = Release|x64
		{A561D52A-C32C-46CE-89C4-C685703F534F}.Release|x86.ActiveCfg = Release|Win32
		{A561D52A-C32C-46CE-89C4-C685703F534F}.Release|x86.Build.0 = Release|Win32
		{CE0B493A-B6C9-4BB7-AF29-4A97F5475183}.Debug|x64.ActiveCfg = Debug|x64
		{CE0B493A-B6C9-4BB7-AF29-4A97F5475183}.Debug|x64.Build.0 = Debug|x64
		{CE0B493A-B6C9-4BB7-AF29-4A97F5475183}.Debug|x86.ActiveCfg = Debug|Win32
		{CE0B493A-B6C9-4BB7-AF29-4A97F5475183}.Debug|x86.Build.0 = Debug|Win32
		{CE0B493A-B6C9-4BB7-AF29-4A97F5475183}.Release|x64.ActiveCfg = Release|x64
		{CE0B493A-B6C9-4BB7-AF29-4A97F5475183}.Release|x64.Build.0 = Release|x64
		{CE0B493A-B6C9-4BB7-AF29-4A97F5475183}.Release|x86.ActiveCfg = Release|Win32
		{CE0B493A-B6C9-4BB7-AF29-4A97F5475183}.Release|x86.Build.0 = Release|Win32
		{83AB96EC-1EE5-496E-953F-2D3CB1B28F26}.Debug|x64.ActiveCfg = Debug|x64
		{83AB96EC-1EE5-496E-953F-2D3CB1B28F26}.Debug|x64.Build.0 = Debug|x64
		{83AB96EC-1EE5-496E-953F-2D3CB1B28F26}.Debug|x86.ActiveCfg = Debug|Win32
		{83AB96EC-1EE5-496E-953F-2D3CB1B28F26}.Debug|x86.Build.0 = Debug|Win32
		{83AB96EC-1EE5-496E-953F-2D3CB1B28F26}.Release|x64.ActiveCfg = Release|x64
		{83AB96EC-1EE5-496E-953F-2D3CB1B28F26}.Release|x64.Build.0 = Release|x64
		{83AB96EC-1EE5-496E-953F-2D3CB1B28F26}.Release|x86.ActiveCfg = Release|Win32
		{83AB96EC-1EE5-496E-953F-2D3CB1B28F26}.Release|x86.Build.0 = Release|Win32
	EndGlobalSection
	GlobalSection(SolutionProperties) = preSolution
		HideSolutionNode = FALSE
	EndGlobalSection
	GlobalSection(ExtensibilityGlobals) = postSolution
		SolutionGuid = {BD5E7BC7-4A4A-443A-BBF1-B8EE1625D4E6}
	EndGlobalSection
EndGlobal
